
Microsoft Visual Studio Solution File, Format Version 12.00
# Visual Studio Version 17
VisualStudioVersion = 17.4.33205.214
MinimumVisualStudioVersion = 10.0.40219.1
Project("{888888A0-9F3D-457C-B088-3A5042F75D52}") = "VigadeOtsig2", "VigadeOtsig2.pyproj", "{479AFB8F-3E05-4F03-88B6-545AED707E47}"
EndProject
Global
	GlobalSection(SolutionConfigurationPlatforms) = preSolution
		Debug|Any CPU = Debug|Any CPU
		Release|Any CPU = Release|Any CPU
	EndGlobalSection
	GlobalSection(ProjectConfigurationPlatforms) = postSolution
		{479AFB8F-3E05-4F03-88B6-545AED707E47}.Debug|Any CPU.ActiveCfg = Debug|Any CPU
		{479AFB8F-3E05-4F03-88B6-545AED707E47}.Release|Any CPU.ActiveCfg = Release|Any CPU
	EndGlobalSection
	GlobalSection(SolutionProperties) = preSolution
		HideSolutionNode = FALSE
	EndGlobalSection
	GlobalSection(ExtensibilityGlobals) = postSolution
		SolutionGuid = {346FE357-D7E7-457D-8898-C7808905A437}
	EndGlobalSection
EndGlobal
